
Microsoft Visual Studio Solution File, Format Version 12.00
# Visual Studio 15
VisualStudioVersion = 15.0.28010.2026
MinimumVisualStudioVersion = 10.0.40219.1
Project("{00D1A9C2-B5F0-4AF3-8072-F6C62B433612}") = "ContosoDataBase", "ContosoDataBase\ContosoDataBase.sqlproj", "{1D597DA2-F1C0-4F65-906B-5DB378362E6C}"
EndProject
Global
	GlobalSection(SolutionConfigurationPlatforms) = preSolution
		Debug|Any CPU = Debug|Any CPU
		Release|Any CPU = Release|Any CPU
	EndGlobalSection
	GlobalSection(ProjectConfigurationPlatforms) = postSolution
		{1D597DA2-F1C0-4F65-906B-5DB378362E6C}.Debug|Any CPU.ActiveCfg = Debug|Any CPU
		{1D597DA2-F1C0-4F65-906B-5DB378362E6C}.Debug|Any CPU.Build.0 = Debug|Any CPU
		{1D597DA2-F1C0-4F65-906B-5DB378362E6C}.Debug|Any CPU.Deploy.0 = Debug|Any CPU
		{1D597DA2-F1C0-4F65-906B-5DB378362E6C}.Release|Any CPU.ActiveCfg = Release|Any CPU
		{1D597DA2-F1C0-4F65-906B-5DB378362E6C}.Release|Any CPU.Build.0 = Release|Any CPU
		{1D597DA2-F1C0-4F65-906B-5DB378362E6C}.Release|Any CPU.Deploy.0 = Release|Any CPU
	EndGlobalSection
	GlobalSection(SolutionProperties) = preSolution
		HideSolutionNode = FALSE
	EndGlobalSection
	GlobalSection(ExtensibilityGlobals) = postSolution
		SolutionGuid = {24BB963C-A929-4B84-B628-4CD4A0A764DA}
	EndGlobalSection
EndGlobal
